
Microsoft Visual Studio Solution File, Format Version 12.00
# Visual Studio Version 17
VisualStudioVersion = 17.9.34902.65
MinimumVisualStudioVersion = 10.0.40219.1
Project("{FAE04EC0-301F-11D3-BF4B-00C04F79EFBC}") = "ClienteConsola_SOAP", "ClienteConsola_SOAP\ClienteConsola_SOAP.csproj", "{2E4C399E-11D7-4C90-982B-19D89CEB97EA}"
EndProject
Global
	GlobalSection(SolutionConfigurationPlatforms) = preSolution
		Debug|Any CPU = Debug|Any CPU
		Release|Any CPU = Release|Any CPU
	EndGlobalSection
	GlobalSection(ProjectConfigurationPlatforms) = postSolution
		{2E4C399E-11D7-4C90-982B-19D89CEB97EA}.Debug|Any CPU.ActiveCfg = Debug|Any CPU
		{2E4C399E-11D7-4C90-982B-19D89CEB97EA}.Debug|Any CPU.Build.0 = Debug|Any CPU
		{2E4C399E-11D7-4C90-982B-19D89CEB97EA}.Release|Any CPU.ActiveCfg = Release|Any CPU
		{2E4C399E-11D7-4C90-982B-19D89CEB97EA}.Release|Any CPU.Build.0 = Release|Any CPU
	EndGlobalSection
	GlobalSection(SolutionProperties) = preSolution
		HideSolutionNode = FALSE
	EndGlobalSection
	GlobalSection(ExtensibilityGlobals) = postSolution
		SolutionGuid = {6C89EF39-F08D-4F4B-9C93-047B06EF7B33}
	EndGlobalSection
EndGlobal
