
Microsoft Visual Studio Solution File, Format Version 12.00
# Visual Studio Version 17
VisualStudioVersion = 17.13.35931.197 d17.13
MinimumVisualStudioVersion = 10.0.40219.1
Project("{FAE04EC0-301F-11D3-BF4B-00C04F79EFBC}") = "CONUNI_REST_DOTNET_GR10", "CONUNI_REST_DOTNET_GR10\CONUNI_REST_DOTNET_GR10.csproj", "{C12224BE-CC86-4DEC-8467-167B60339401}"
EndProject
Global
	GlobalSection(SolutionConfigurationPlatforms) = preSolution
		Debug|Any CPU = Debug|Any CPU
		Release|Any CPU = Release|Any CPU
	EndGlobalSection
	GlobalSection(ProjectConfigurationPlatforms) = postSolution
		{C12224BE-CC86-4DEC-8467-167B60339401}.Debug|Any CPU.ActiveCfg = Debug|Any CPU
		{C12224BE-CC86-4DEC-8467-167B60339401}.Debug|Any CPU.Build.0 = Debug|Any CPU
		{C12224BE-CC86-4DEC-8467-167B60339401}.Release|Any CPU.ActiveCfg = Release|Any CPU
		{C12224BE-CC86-4DEC-8467-167B60339401}.Release|Any CPU.Build.0 = Release|Any CPU
	EndGlobalSection
	GlobalSection(SolutionProperties) = preSolution
		HideSolutionNode = FALSE
	EndGlobalSection
	GlobalSection(ExtensibilityGlobals) = postSolution
		SolutionGuid = {954DA69B-0FC5-41C9-BD27-E08EEB1EBC3C}
	EndGlobalSection
EndGlobal
