
Microsoft Visual Studio Solution File, Format Version 12.00
# Visual Studio Version 17
VisualStudioVersion = 17.14.36121.58 d17.14
MinimumVisualStudioVersion = 10.0.40219.1
Project("{FAE04EC0-301F-11D3-BF4B-00C04F79EFBC}") = "VIAJECITOS_REST_CLICON_GR10", "VIAJECITOS_REST_CLICON_GR10\VIAJECITOS_REST_CLICON_GR10.csproj", "{D343B318-2A5B-4C86-A5EB-BD88189F3C6F}"
EndProject
Global
	GlobalSection(SolutionConfigurationPlatforms) = preSolution
		Debug|Any CPU = Debug|Any CPU
		Release|Any CPU = Release|Any CPU
	EndGlobalSection
	GlobalSection(ProjectConfigurationPlatforms) = postSolution
		{D343B318-2A5B-4C86-A5EB-BD88189F3C6F}.Debug|Any CPU.ActiveCfg = Debug|Any CPU
		{D343B318-2A5B-4C86-A5EB-BD88189F3C6F}.Debug|Any CPU.Build.0 = Debug|Any CPU
		{D343B318-2A5B-4C86-A5EB-BD88189F3C6F}.Release|Any CPU.ActiveCfg = Release|Any CPU
		{D343B318-2A5B-4C86-A5EB-BD88189F3C6F}.Release|Any CPU.Build.0 = Release|Any CPU
	EndGlobalSection
	GlobalSection(SolutionProperties) = preSolution
		HideSolutionNode = FALSE
	EndGlobalSection
	GlobalSection(ExtensibilityGlobals) = postSolution
		SolutionGuid = {09B6B7CE-FDCC-45ED-B10C-A150CFBFD515}
	EndGlobalSection
EndGlobal
