
Microsoft Visual Studio Solution File, Format Version 12.00
# Visual Studio Version 17
VisualStudioVersion = 17.9.34902.65
MinimumVisualStudioVersion = 10.0.40219.1
Project("{FAE04EC0-301F-11D3-BF4B-00C04F79EFBC}") = "ClienteEscritorioSOAP", "ClienteEscritorioSOAP\ClienteEscritorioSOAP.csproj", "{0705FEC9-3658-4E36-833A-D875EC7BDB80}"
EndProject
Global
	GlobalSection(SolutionConfigurationPlatforms) = preSolution
		Debug|Any CPU = Debug|Any CPU
		Release|Any CPU = Release|Any CPU
	EndGlobalSection
	GlobalSection(ProjectConfigurationPlatforms) = postSolution
		{0705FEC9-3658-4E36-833A-D875EC7BDB80}.Debug|Any CPU.ActiveCfg = Debug|Any CPU
		{0705FEC9-3658-4E36-833A-D875EC7BDB80}.Debug|Any CPU.Build.0 = Debug|Any CPU
		{0705FEC9-3658-4E36-833A-D875EC7BDB80}.Release|Any CPU.ActiveCfg = Release|Any CPU
		{0705FEC9-3658-4E36-833A-D875EC7BDB80}.Release|Any CPU.Build.0 = Release|Any CPU
	EndGlobalSection
	GlobalSection(SolutionProperties) = preSolution
		HideSolutionNode = FALSE
	EndGlobalSection
	GlobalSection(ExtensibilityGlobals) = postSolution
		SolutionGuid = {09B3F202-8652-4F71-9C62-7C65708CE8A6}
	EndGlobalSection
EndGlobal
